// !$*UTF8*$!
{
	archiveVersion = 1;
	classes = {
	};
	objectVersion = 46;
	objects = {

/* Begin PBXBuildFile section */
		61A620FCBE2F4E35AB292325 /* libPods-AFNetworkingDemo.a in Frameworks */ = {isa = PBXBuildFile; fileRef = A8D208BC063543E2B6979579 /* libPods-AFNetworkingDemo.a */; };
		7797247618D82A900086B665 /* Foundation.framework in Frameworks */ = {isa = PBXBuildFile; fileRef = 7797247518D82A900086B665 /* Foundation.framework */; };
		7797247818D82A900086B665 /* CoreGraphics.framework in Frameworks */ = {isa = PBXBuildFile; fileRef = 7797247718D82A900086B665 /* CoreGraphics.framework */; };
		7797247A18D82A900086B665 /* UIKit.framework in Frameworks */ = {isa = PBXBuildFile; fileRef = 7797247918D82A900086B665 /* UIKit.framework */; };
		7797248018D82A900086B665 /* InfoPlist.strings in Resources */ = {isa = PBXBuildFile; fileRef = 7797247E18D82A900086B665 /* InfoPlist.strings */; };
		7797248218D82A900086B665 /* main.m in Sources */ = {isa = PBXBuildFile; fileRef = 7797248118D82A900086B665 /* main.m */; };
		7797248618D82A900086B665 /* RIAppDelegate.m in Sources */ = {isa = PBXBuildFile; fileRef = 7797248518D82A900086B665 /* RIAppDelegate.m */; };
		7797248918D82A900086B665 /* Main.storyboard in Resources */ = {isa = PBXBuildFile; fileRef = 7797248718D82A900086B665 /* Main.storyboard */; };
		7797248C18D82A900086B665 /* RIViewController.m in Sources */ = {isa = PBXBuildFile; fileRef = 7797248B18D82A900086B665 /* RIViewController.m */; };
		7797248E18D82A900086B665 /* Images.xcassets in Resources */ = {isa = PBXBuildFile; fileRef = 7797248D18D82A900086B665 /* Images.xcassets */; };
		7797249518D82A900086B665 /* XCTest.framework in Frameworks */ = {isa = PBXBuildFile; fileRef = 7797249418D82A900086B665 /* XCTest.framework */; };
		7797249618D82A900086B665 /* Foundation.framework in Frameworks */ = {isa = PBXBuildFile; fileRef = 7797247518D82A900086B665 /* Foundation.framework */; };
		7797249718D82A900086B665 /* UIKit.framework in Frameworks */ = {isa = PBXBuildFile; fileRef = 7797247918D82A900086B665 /* UIKit.framework */; };
		7797249F18D82A900086B665 /* InfoPlist.strings in Resources */ = {isa = PBXBuildFile; fileRef = 7797249D18D82A900086B665 /* InfoPlist.strings */; };
		779724A118D82A900086B665 /* AFNetworkingDemoTests.m in Sources */ = {isa = PBXBuildFile; fileRef = 779724A018D82A900086B665 /* AFNetworkingDemoTests.m */; };
/* End PBXBuildFile section */

/* Begin PBXContainerItemProxy section */
		7797249818D82A900086B665 /* PBXContainerItemProxy */ = {
			isa = PBXContainerItemProxy;
			containerPortal = 7797246A18D82A900086B665 /* Project object */;
			proxyType = 1;
			remoteGlobalIDString = 7797247118D82A900086B665;
			remoteInfo = AFNetworkingDemo;
		};
/* End PBXContainerItemProxy section */

/* Begin PBXFileReference section */
		7797247218D82A900086B665 /* AFNetworkingDemo.app */ = {isa = PBXFileReference; explicitFileType = wrapper.application; includeInIndex = 0; path = AFNetworkingDemo.app; sourceTree = BUILT_PRODUCTS_DIR; };
		7797247518D82A900086B665 /* Foundation.framework */ = {isa = PBXFileReference; lastKnownFileType = wrapper.framework; name = Foundation.framework; path = System/Library/Frameworks/Foundation.framework; sourceTree = SDKROOT; };
		7797247718D82A900086B665 /* CoreGraphics.framework */ = {isa = PBXFileReference; lastKnownFileType = wrapper.framework; name = CoreGraphics.framework; path = System/Library/Frameworks/CoreGraphics.framework; sourceTree = SDKROOT; };
		7797247918D82A900086B665 /* UIKit.framework */ = {isa = PBXFileReference; lastKnownFileType = wrapper.framework; name = UIKit.framework; path = System/Library/Frameworks/UIKit.framework; sourceTree = SDKROOT; };
		7797247D18D82A900086B665 /* AFNetworkingDemo-Info.plist */ = {isa = PBXFileReference; lastKnownFileType = text.plist.xml; path = "AFNetworkingDemo-Info.plist"; sourceTree = "<group>"; };
		7797247F18D82A900086B665 /* en */ = {isa = PBXFileReference; lastKnownFileType = text.plist.strings; name = en; path = en.lproj/InfoPlist.strings; sourceTree = "<group>"; };
		7797248118D82A900086B665 /* main.m */ = {isa = PBXFileReference; lastKnownFileType = sourcecode.c.objc; path = main.m; sourceTree = "<group>"; };
		7797248318D82A900086B665 /* AFNetworkingDemo-Prefix.pch */ = {isa = PBXFileReference; lastKnownFileType = sourcecode.c.h; path = "AFNetworkingDemo-Prefix.pch"; sourceTree = "<group>"; };
		7797248418D82A900086B665 /* RIAppDelegate.h */ = {isa = PBXFileReference; lastKnownFileType = sourcecode.c.h; path = RIAppDelegate.h; sourceTree = "<group>"; };
		7797248518D82A900086B665 /* RIAppDelegate.m */ = {isa = PBXFileReference; lastKnownFileType = sourcecode.c.objc; path = RIAppDelegate.m; sourceTree = "<group>"; };
		7797248818D82A900086B665 /* Base */ = {isa = PBXFileReference; lastKnownFileType = file.storyboard; name = Base; path = Base.lproj/Main.storyboard; sourceTree = "<group>"; };
		7797248A18D82A900086B665 /* RIViewController.h */ = {isa = PBXFileReference; lastKnownFileType = sourcecode.c.h; path = RIViewController.h; sourceTree = "<group>"; };
		7797248B18D82A900086B665 /* RIViewController.m */ = {isa = PBXFileReference; lastKnownFileType = sourcecode.c.objc; path = RIViewController.m; sourceTree = "<group>"; };
		7797248D18D82A900086B665 /* Images.xcassets */ = {isa = PBXFileReference; lastKnownFileType = folder.assetcatalog; path = Images.xcassets; sourceTree = "<group>"; };
		7797249318D82A900086B665 /* AFNetworkingDemoTests.xctest */ = {isa = PBXFileReference; explicitFileType = wrapper.cfbundle; includeInIndex = 0; path = AFNetworkingDemoTests.xctest; sourceTree = BUILT_PRODUCTS_DIR; };
		7797249418D82A900086B665 /* XCTest.framework */ = {isa = PBXFileReference; lastKnownFileType = wrapper.framework; name = XCTest.framework; path = Library/Frameworks/XCTest.framework; sourceTree = DEVELOPER_DIR; };
		7797249C18D82A900086B665 /* AFNetworkingDemoTests-Info.plist */ = {isa = PBXFileReference; lastKnownFileType = text.plist.xml; path = "AFNetworkingDemoTests-Info.plist"; sourceTree = "<group>"; };
		7797249E18D82A900086B665 /* en */ = {isa = PBXFileReference; lastKnownFileType = text.plist.strings; name = en; path = en.lproj/InfoPlist.strings; sourceTree = "<group>"; };
		779724A018D82A900086B665 /* AFNetworkingDemoTests.m */ = {isa = PBXFileReference; lastKnownFileType = sourcecode.c.objc; path = AFNetworkingDemoTests.m; sourceTree = "<group>"; };
		A8D208BC063543E2B6979579 /* libPods-AFNetworkingDemo.a */ = {isa = PBXFileReference; explicitFileType = archive.ar; includeInIndex = 0; path = "libPods-AFNetworkingDemo.a"; sourceTree = BUILT_PRODUCTS_DIR; };
		C023B747D7204025A6D772F3 /* Pods-AFNetworkingDemo.xcconfig */ = {isa = PBXFileReference; includeInIndex = 1; lastKnownFileType = text.xcconfig; name = "Pods-AFNetworkingDemo.xcconfig"; path = "Pods/Pods-AFNetworkingDemo.xcconfig"; sourceTree = "<group>"; };
/* End PBXFileReference section */

/* Begin PBXFrameworksBuildPhase section */
		7797246F18D82A900086B665 /* Frameworks */ = {
			isa = PBXFrameworksBuildPhase;
			buildActionMask = 2147483647;
			files = (
				7797247818D82A900086B665 /* CoreGraphics.framework in Frameworks */,
				7797247A18D82A900086B665 /* UIKit.framework in Frameworks */,
				7797247618D82A900086B665 /* Foundation.framework in Frameworks */,
				61A620FCBE2F4E35AB292325 /* libPods-AFNetworkingDemo.a in Frameworks */,
			);
			runOnlyForDeploymentPostprocessing = 0;
		};
		7797249018D82A900086B665 /* Frameworks */ = {
			isa = PBXFrameworksBuildPhase;
			buildActionMask = 2147483647;
			files = (
				7797249518D82A900086B665 /* XCTest.framework in Frameworks */,
				7797249718D82A900086B665 /* UIKit.framework in Frameworks */,
				7797249618D82A900086B665 /* Foundation.framework in Frameworks */,
			);
			runOnlyForDeploymentPostprocessing = 0;
		};
/* End PBXFrameworksBuildPhase section */

/* Begin PBXGroup section */
		7797246918D82A900086B665 = {
			isa = PBXGroup;
			children = (
				7797247B18D82A900086B665 /* AFNetworkingDemo */,
				7797249A18D82A900086B665 /* AFNetworkingDemoTests */,
				7797247418D82A900086B665 /* Frameworks */,
				7797247318D82A900086B665 /* Products */,
				C023B747D7204025A6D772F3 /* Pods-AFNetworkingDemo.xcconfig */,
			);
			sourceTree = "<group>";
		};
		7797247318D82A900086B665 /* Products */ = {
			isa = PBXGroup;
			children = (
				7797247218D82A900086B665 /* AFNetworkingDemo.app */,
				7797249318D82A900086B665 /* AFNetworkingDemoTests.xctest */,
			);
			name = Products;
			sourceTree = "<group>";
		};
		7797247418D82A900086B665 /* Frameworks */ = {
			isa = PBXGroup;
			children = (
				7797247518D82A900086B665 /* Foundation.framework */,
				7797247718D82A900086B665 /* CoreGraphics.framework */,
				7797247918D82A900086B665 /* UIKit.framework */,
				7797249418D82A900086B665 /* XCTest.framework */,
				A8D208BC063543E2B6979579 /* libPods-AFNetworkingDemo.a */,
			);
			name = Frameworks;
			sourceTree = "<group>";
		};
		7797247B18D82A900086B665 /* AFNetworkingDemo */ = {
			isa = PBXGroup;
			children = (
				7797248718D82A900086B665 /* Main.storyboard */,
				7797248A18D82A900086B665 /* RIViewController.h */,
				7797248B18D82A900086B665 /* RIViewController.m */,
				7797248D18D82A900086B665 /* Images.xcassets */,
				7797247C18D82A900086B665 /* Supporting Files */,
			);
			path = AFNetworkingDemo;
			sourceTree = "<group>";
		};
		7797247C18D82A900086B665 /* Supporting Files */ = {
			isa = PBXGroup;
			children = (
				7797248418D82A900086B665 /* RIAppDelegate.h */,
				7797248518D82A900086B665 /* RIAppDelegate.m */,
				7797247D18D82A900086B665 /* AFNetworkingDemo-Info.plist */,
				7797247E18D82A900086B665 /* InfoPlist.strings */,
				7797248118D82A900086B665 /* main.m */,
				7797248318D82A900086B665 /* AFNetworkingDemo-Prefix.pch */,
			);
			name = "Supporting Files";
			sourceTree = "<group>";
		};
		7797249A18D82A900086B665 /* AFNetworkingDemoTests */ = {
			isa = PBXGroup;
			children = (
				779724A018D82A900086B665 /* AFNetworkingDemoTests.m */,
				7797249B18D82A900086B665 /* Supporting Files */,
			);
			path = AFNetworkingDemoTests;
			sourceTree = "<group>";
		};
		7797249B18D82A900086B665 /* Supporting Files */ = {
			isa = PBXGroup;
			children = (
				7797249C18D82A900086B665 /* AFNetworkingDemoTests-Info.plist */,
				7797249D18D82A900086B665 /* InfoPlist.strings */,
			);
			name = "Supporting Files";
			sourceTree = "<group>";
		};
/* End PBXGroup section */

/* Begin PBXNativeTarget section */
		7797247118D82A900086B665 /* AFNetworkingDemo */ = {
			isa = PBXNativeTarget;
			buildConfigurationList = 779724A418D82A900086B665 /* Build configuration list for PBXNativeTarget "AFNetworkingDemo" */;
			buildPhases = (
				441828A03F2944B683598C53 /* Check Pods Manifest.lock */,
				7797246E18D82A900086B665 /* Sources */,
				7797246F18D82A900086B665 /* Frameworks */,
				7797247018D82A900086B665 /* Resources */,
				C5A24430EBFC4430ABADEC8C /* Copy Pods Resources */,
			);
			buildRules = (
			);
			dependencies = (
			);
			name = AFNetworkingDemo;
			productName = AFNetworkingDemo;
			productReference = 7797247218D82A900086B665 /* AFNetworkingDemo.app */;
			productType = "com.apple.product-type.application";
		};
		7797249218D82A900086B665 /* AFNetworkingDemoTests */ = {
			isa = PBXNativeTarget;
			buildConfigurationList = 779724A718D82A900086B665 /* Build configuration list for PBXNativeTarget "AFNetworkingDemoTests" */;
			buildPhases = (
				7797248F18D82A900086B665 /* Sources */,
				7797249018D82A900086B665 /* Frameworks */,
				7797249118D82A900086B665 /* Resources */,
			);
			buildRules = (
			);
			dependencies = (
				7797249918D82A900086B665 /* PBXTargetDependency */,
			);
			name = AFNetworkingDemoTests;
			productName = AFNetworkingDemoTests;
			productReference = 7797249318D82A900086B665 /* AFNetworkingDemoTests.xctest */;
			productType = "com.apple.product-type.bundle.unit-test";
		};
/* End PBXNativeTarget section */

/* Begin PBXProject section */
		7797246A18D82A900086B665 /* Project object */ = {
			isa = PBXProject;
			attributes = {
				CLASSPREFIX = RI;
				LastUpgradeCheck = 0510;
				ORGANIZATIONNAME = renren;
				TargetAttributes = {
					7797249218D82A900086B665 = {
						TestTargetID = 7797247118D82A900086B665;
					};
				};
			};
			buildConfigurationList = 7797246D18D82A900086B665 /* Build configuration list for PBXProject "AFNetworkingDemo" */;
			compatibilityVersion = "Xcode 3.2";
			developmentRegion = English;
			hasScannedForEncodings = 0;
			knownRegions = (
				en,
				Base,
			);
			mainGroup = 7797246918D82A900086B665;
			productRefGroup = 7797247318D82A900086B665 /* Products */;
			projectDirPath = "";
			projectRoot = "";
			targets = (
				7797247118D82A900086B665 /* AFNetworkingDemo */,
				7797249218D82A900086B665 /* AFNetworkingDemoTests */,
			);
		};
/* End PBXProject section */

/* Begin PBXResourcesBuildPhase section */
		7797247018D82A900086B665 /* Resources */ = {
			isa = PBXResourcesBuildPhase;
			buildActionMask = 2147483647;
			files = (
				7797248E18D82A900086B665 /* Images.xcassets in Resources */,
				7797248018D82A900086B665 /* InfoPlist.strings in Resources */,
				7797248918D82A900086B665 /* Main.storyboard in Resources */,
			);
			runOnlyForDeploymentPostprocessing = 0;
		};
		7797249118D82A900086B665 /* Resources */ = {
			isa = PBXResourcesBuildPhase;
			buildActionMask = 2147483647;
			files = (
				7797249F18D82A900086B665 /* InfoPlist.strings in Resources */,
			);
			runOnlyForDeploymentPostprocessing = 0;
		};
/* End PBXResourcesBuildPhase section */

/* Begin PBXShellScriptBuildPhase section */
		441828A03F2944B683598C53 /* Check Pods Manifest.lock */ = {
			isa = PBXShellScriptBuildPhase;
			buildActionMask = 2147483647;
			files = (
			);
			inputPaths = (
			);
			name = "Check Pods Manifest.lock";
			outputPaths = (
			);
			runOnlyForDeploymentPostprocessing = 0;
			shellPath = /bin/sh;
			shellScript = "diff \"${PODS_ROOT}/../Podfile.lock\" \"${PODS_ROOT}/Manifest.lock\" > /dev/null\nif [[ $? != 0 ]] ; then\n    cat << EOM\nerror: The sandbox is not in sync with the Podfile.lock. Run 'pod install' or update your CocoaPods installation.\nEOM\n    exit 1\nfi\n";
			showEnvVarsInLog = 0;
		};
		C5A24430EBFC4430ABADEC8C /* Copy Pods Resources */ = {
			isa = PBXShellScriptBuildPhase;
			buildActionMask = 2147483647;
			files = (
			);
			inputPaths = (
			);
			name = "Copy Pods Resources";
			outputPaths = (
			);
			runOnlyForDeploymentPostprocessing = 0;
			shellPath = /bin/sh;
			shellScript = "\"${SRCROOT}/Pods/Pods-AFNetworkingDemo-resources.sh\"\n";
			showEnvVarsInLog = 0;
		};
/* End PBXShellScriptBuildPhase section */

/* Begin PBXSourcesBuildPhase section */
		7797246E18D82A900086B665 /* Sources */ = {
			isa = PBXSourcesBuildPhase;
			buildActionMask = 2147483647;
			files = (
				7797248218D82A900086B665 /* main.m in Sources */,
				7797248618D82A900086B665 /* RIAppDelegate.m in Sources */,
				7797248C18D82A900086B665 /* RIViewController.m in Sources */,
			);
			runOnlyForDeploymentPostprocessing = 0;
		};
		7797248F18D82A900086B665 /* Sources */ = {
			isa = PBXSourcesBuildPhase;
			buildActionMask = 2147483647;
			files = (
				779724A118D82A900086B665 /* AFNetworkingDemoTests.m in Sources */,
			);
			runOnlyForDeploymentPostprocessing = 0;
		};
/* End PBXSourcesBuildPhase section */

/* Begin PBXTargetDependency section */
		7797249918D82A900086B665 /* PBXTargetDependency */ = {
			isa = PBXTargetDependency;
			target = 7797247118D82A900086B665 /* AFNetworkingDemo */;
			targetProxy = 7797249818D82A900086B665 /* PBXContainerItemProxy */;
		};
/* End PBXTargetDependency section */

/* Begin PBXVariantGroup section */
		7797247E18D82A900086B665 /* InfoPlist.strings */ = {
			isa = PBXVariantGroup;
			children = (
				7797247F18D82A900086B665 /* en */,
			);
			name = InfoPlist.strings;
			sourceTree = "<group>";
		};
		7797248718D82A900086B665 /* Main.storyboard */ = {
			isa = PBXVariantGroup;
			children = (
				7797248818D82A900086B665 /* Base */,
			);
			name = Main.storyboard;
			sourceTree = "<group>";
		};
		7797249D18D82A900086B665 /* InfoPlist.strings */ = {
			isa = PBXVariantGroup;
			children = (
				7797249E18D82A900086B665 /* en */,
			);
			name = InfoPlist.strings;
			sourceTree = "<group>";
		};
/* End PBXVariantGroup section */

/* Begin XCBuildConfiguration section */
		779724A218D82A900086B665 /* Debug */ = {
			isa = XCBuildConfiguration;
			buildSettings = {
				ALWAYS_SEARCH_USER_PATHS = NO;
				CLANG_CXX_LANGUAGE_STANDARD = "gnu++0x";
				CLANG_CXX_LIBRARY = "libc++";
				CLANG_ENABLE_MODULES = YES;
				CLANG_ENABLE_OBJC_ARC = YES;
				CLANG_WARN_BOOL_CONVERSION = YES;
				CLANG_WARN_CONSTANT_CONVERSION = YES;
				CLANG_WARN_DIRECT_OBJC_ISA_USAGE = YES_ERROR;
				CLANG_WARN_EMPTY_BODY = YES;
				CLANG_WARN_ENUM_CONVERSION = YES;
				CLANG_WARN_INT_CONVERSION = YES;
				CLANG_WARN_OBJC_ROOT_CLASS = YES_ERROR;
				CLANG_WARN__DUPLICATE_METHOD_MATCH = YES;
				"CODE_SIGN_IDENTITY[sdk=iphoneos*]" = "iPhone Developer";
				COPY_PHASE_STRIP = NO;
				GCC_C_LANGUAGE_STANDARD = gnu99;
				GCC_DYNAMIC_NO_PIC = NO;
				GCC_OPTIMIZATION_LEVEL = 0;
				GCC_PREPROCESSOR_DEFINITIONS = (
					"DEBUG=1",
					"$(inherited)",
				);
				GCC_SYMBOLS_PRIVATE_EXTERN = NO;
				GCC_WARN_64_TO_32_BIT_CONVERSION = YES;
				GCC_WARN_ABOUT_RETURN_TYPE = YES_ERROR;
				GCC_WARN_UNDECLARED_SELECTOR = YES;
				GCC_WARN_UNINITIALIZED_AUTOS = YES_AGGRESSIVE;
				GCC_WARN_UNUSED_FUNCTION = YES;
				GCC_WARN_UNUSED_VARIABLE = YES;
				IPHONEOS_DEPLOYMENT_TARGET = 7.1;
				ONLY_ACTIVE_ARCH = YES;
				SDKROOT = iphoneos;
			};
			name = Debug;
		};
		779724A318D82A900086B665 /* Release */ = {
			isa = XCBuildConfiguration;
			buildSettings = {
				ALWAYS_SEARCH_USER_PATHS = NO;
				CLANG_CXX_LANGUAGE_STANDARD = "gnu++0x";
				CLANG_CXX_LIBRARY = "libc++";
				CLANG_ENABLE_MODULES = YES;
				CLANG_ENABLE_OBJC_ARC = YES;
				CLANG_WARN_BOOL_CONVERSION = YES;
				CLANG_WARN_CONSTANT_CONVERSION = YES;
				CLANG_WARN_DIRECT_OBJC_ISA_USAGE = YES_ERROR;
				CLANG_WARN_EMPTY_BODY = YES;
				CLANG_WARN_ENUM_CONVERSION = YES;
				CLANG_WARN_INT_CONVERSION = YES;
				CLANG_WARN_OBJC_ROOT_CLASS = YES_ERROR;
				CLANG_WARN__DUPLICATE_METHOD_MATCH = YES;
				"CODE_SIGN_IDENTITY[sdk=iphoneos*]" = "iPhone Developer";
				COPY_PHASE_STRIP = YES;
				ENABLE_NS_ASSERTIONS = NO;
				GCC_C_LANGUAGE_STANDARD = gnu99;
				GCC_WARN_64_TO_32_BIT_CONVERSION = YES;
				GCC_WARN_ABOUT_RETURN_TYPE = YES_ERROR;
				GCC_WARN_UNDECLARED_SELECTOR = YES;
				GCC_WARN_UNINITIALIZED_AUTOS = YES_AGGRESSIVE;
				GCC_WARN_UNUSED_FUNCTION = YES;
				GCC_WARN_UNUSED_VARIABLE = YES;
				IPHONEOS_DEPLOYMENT_TARGET = 7.1;
				SDKROOT = iphoneos;
				VALIDATE_PRODUCT = YES;
			};
			name = Release;
		};
		779724A518D82A900086B665 /* Debug */ = {
			isa = XCBuildConfiguration;
			baseConfigurationReference = C023B747D7204025A6D772F3 /* Pods-AFNetworkingDemo.xcconfig */;
			buildSettings = {
				ASSETCATALOG_COMPILER_APPICON_NAME = AppIcon;
				ASSETCATALOG_COMPILER_LAUNCHIMAGE_NAME = LaunchImage;
				GCC_PRECOMPILE_PREFIX_HEADER = YES;
				GCC_PREFIX_HEADER = "AFNetworkingDemo/AFNetworkingDemo-Prefix.pch";
				INFOPLIST_FILE = "AFNetworkingDemo/AFNetworkingDemo-Info.plist";
				PRODUCT_NAME = "$(TARGET_NAME)";
				WRAPPER_EXTENSION = app;
			};
			name = Debug;
		};
		779724A618D82A900086B665 /* Release */ = {
			isa = XCBuildConfiguration;
			baseConfigurationReference = C023B747D7204025A6D772F3 /* Pods-AFNetworkingDemo.xcconfig */;
			buildSettings = {
				ASSETCATALOG_COMPILER_APPICON_NAME = AppIcon;
				ASSETCATALOG_COMPILER_LAUNCHIMAGE_NAME = LaunchImage;
				GCC_PRECOMPILE_PREFIX_HEADER = YES;
				GCC_PREFIX_HEADER = "AFNetworkingDemo/AFNetworkingDemo-Prefix.pch";
				INFOPLIST_FILE = "AFNetworkingDemo/AFNetworkingDemo-Info.plist";
				PRODUCT_NAME = "$(TARGET_NAME)";
				WRAPPER_EXTENSION = app;
			};
			name = Release;
		};
		779724A818D82A900086B665 /* Debug */ = {
			isa = XCBuildConfiguration;
			buildSettings = {
				BUNDLE_LOADER = "$(BUILT_PRODUCTS_DIR)/AFNetworkingDemo.app/AFNetworkingDemo";
				FRAMEWORK_SEARCH_PATHS = (
					"$(SDKROOT)/Developer/Library/Frameworks",
					"$(inherited)",
					"$(DEVELOPER_FRAMEWORKS_DIR)",
				);
				GCC_PRECOMPILE_PREFIX_HEADER = YES;
				GCC_PREFIX_HEADER = "AFNetworkingDemo/AFNetworkingDemo-Prefix.pch";
				GCC_PREPROCESSOR_DEFINITIONS = (
					"DEBUG=1",
					"$(inherited)",
				);
				INFOPLIST_FILE = "AFNetworkingDemoTests/AFNetworkingDemoTests-Info.plist";
				PRODUCT_NAME = "$(TARGET_NAME)";
				TEST_HOST = "$(BUNDLE_LOADER)";
				WRAPPER_EXTENSION = xctest;
			};
			name = Debug;
		};
		779724A918D82A900086B665 /* Release */ = {
			isa = XCBuildConfiguration;
			buildSettings = {
				BUNDLE_LOADER = "$(BUILT_PRODUCTS_DIR)/AFNetworkingDemo.app/AFNetworkingDemo";
				FRAMEWORK_SEARCH_PATHS = (
					"$(SDKROOT)/Developer/Library/Frameworks",
					"$(inherited)",
					"$(DEVELOPER_FRAMEWORKS_DIR)",
				);
				GCC_PRECOMPILE_PREFIX_HEADER = YES;
				GCC_PREFIX_HEADER = "AFNetworkingDemo/AFNetworkingDemo-Prefix.pch";
				INFOPLIST_FILE = "AFNetworkingDemoTests/AFNetworkingDemoTests-Info.plist";
				PRODUCT_NAME = "$(TARGET_NAME)";
				TEST_HOST = "$(BUNDLE_LOADER)";
				WRAPPER_EXTENSION = xctest;
			};
			name = Release;
		};
/* End XCBuildConfiguration section */

/* Begin XCConfigurationList section */
		7797246D18D82A900086B665 /* Build configuration list for PBXProject "AFNetworkingDemo" */ = {
			isa = XCConfigurationList;
			buildConfigurations = (
				779724A218D82A900086B665 /* Debug */,
				779724A318D82A900086B665 /* Release */,
			);
			defaultConfigurationIsVisible = 0;
			defaultConfigurationName = Release;
		};
		779724A418D82A900086B665 /* Build configuration list for PBXNativeTarget "AFNetworkingDemo" */ = {
			isa = XCConfigurationList;
			buildConfigurations = (
				779724A518D82A900086B665 /* Debug */,
				779724A618D82A900086B665 /* Release */,
			);
			defaultConfigurationIsVisible = 0;
			defaultConfigurationName = Release;
		};
		779724A718D82A900086B665 /* Build configuration list for PBXNativeTarget "AFNetworkingDemoTests" */ = {
			isa = XCConfigurationList;
			buildConfigurations = (
				779724A818D82A900086B665 /* Debug */,
				779724A918D82A900086B665 /* Release */,
			);
			defaultConfigurationIsVisible = 0;
			defaultConfigurationName = Release;
		};
/* End XCConfigurationList section */
	};
	rootObject = 7797246A18D82A900086B665 /* Project object */;
}
